// !$*UTF8*$!
{
	archiveVersion = 1;
	classes = {
	};
	objectVersion = 46;
	objects = {

/* Begin PBXBuildFile section */
		D3A34D801AD46E76009FFB3A /* main.m in Sources */ = {isa = PBXBuildFile; fileRef = D3A34D7F1AD46E76009FFB3A /* main.m */; };
		D3A34D831AD46E76009FFB3A /* AppDelegate.m in Sources */ = {isa = PBXBuildFile; fileRef = D3A34D821AD46E76009FFB3A /* AppDelegate.m */; };
		D3A34D861AD46E76009FFB3A /* ViewController.m in Sources */ = {isa = PBXBuildFile; fileRef = D3A34D851AD46E76009FFB3A /* ViewController.m */; };
		D3A34D891AD46E76009FFB3A /* Main.storyboard in Resources */ = {isa = PBXBuildFile; fileRef = D3A34D871AD46E76009FFB3A /* Main.storyboard */; };
		D3A34D8B1AD46E76009FFB3A /* Images.xcassets in Resources */ = {isa = PBXBuildFile; fileRef = D3A34D8A1AD46E76009FFB3A /* Images.xcassets */; };
		D3A34D8E1AD46E76009FFB3A /* LaunchScreen.xib in Resources */ = {isa = PBXBuildFile; fileRef = D3A34D8C1AD46E76009FFB3A /* LaunchScreen.xib */; };
		D3A34D9A1AD46E76009FFB3A /* BackgroundBLETests.m in Sources */ = {isa = PBXBuildFile; fileRef = D3A34D991AD46E76009FFB3A /* BackgroundBLETests.m */; };
/* End PBXBuildFile section */

/* Begin PBXContainerItemProxy section */
		D3A34D941AD46E76009FFB3A /* PBXContainerItemProxy */ = {
			isa = PBXContainerItemProxy;
			containerPortal = D3A34D721AD46E76009FFB3A /* Project object */;
			proxyType = 1;
			remoteGlobalIDString = D3A34D791AD46E76009FFB3A;
			remoteInfo = BackgroundBLE;
		};
/* End PBXContainerItemProxy section */

/* Begin PBXFileReference section */
		D3A34D7A1AD46E76009FFB3A /* BackgroundBLE.app */ = {isa = PBXFileReference; explicitFileType = wrapper.application; includeInIndex = 0; path = BackgroundBLE.app; sourceTree = BUILT_PRODUCTS_DIR; };
		D3A34D7E1AD46E76009FFB3A /* Info.plist */ = {isa = PBXFileReference; lastKnownFileType = text.plist.xml; path = Info.plist; sourceTree = "<group>"; };
		D3A34D7F1AD46E76009FFB3A /* main.m */ = {isa = PBXFileReference; lastKnownFileType = sourcecode.c.objc; path = main.m; sourceTree = "<group>"; };
		D3A34D811AD46E76009FFB3A /* AppDelegate.h */ = {isa = PBXFileReference; lastKnownFileType = sourcecode.c.h; path = AppDelegate.h; sourceTree = "<group>"; };
		D3A34D821AD46E76009FFB3A /* AppDelegate.m */ = {isa = PBXFileReference; lastKnownFileType = sourcecode.c.objc; path = AppDelegate.m; sourceTree = "<group>"; };
		D3A34D841AD46E76009FFB3A /* ViewController.h */ = {isa = PBXFileReference; lastKnownFileType = sourcecode.c.h; path = ViewController.h; sourceTree = "<group>"; };
		D3A34D851AD46E76009FFB3A /* ViewController.m */ = {isa = PBXFileReference; lastKnownFileType = sourcecode.c.objc; path = ViewController.m; sourceTree = "<group>"; };
		D3A34D881AD46E76009FFB3A /* Base */ = {isa = PBXFileReference; lastKnownFileType = file.storyboard; name = Base; path = Base.lproj/Main.storyboard; sourceTree = "<group>"; };
		D3A34D8A1AD46E76009FFB3A /* Images.xcassets */ = {isa = PBXFileReference; lastKnownFileType = folder.assetcatalog; path = Images.xcassets; sourceTree = "<group>"; };
		D3A34D8D1AD46E76009FFB3A /* Base */ = {isa = PBXFileReference; lastKnownFileType = file.xib; name = Base; path = Base.lproj/LaunchScreen.xib; sourceTree = "<group>"; };
		D3A34D931AD46E76009FFB3A /* BackgroundBLETests.xctest */ = {isa = PBXFileReference; explicitFileType = wrapper.cfbundle; includeInIndex = 0; path = BackgroundBLETests.xctest; sourceTree = BUILT_PRODUCTS_DIR; };
		D3A34D981AD46E76009FFB3A /* Info.plist */ = {isa = PBXFileReference; lastKnownFileType = text.plist.xml; path = Info.plist; sourceTree = "<group>"; };
		D3A34D991AD46E76009FFB3A /* BackgroundBLETests.m */ = {isa = PBXFileReference; lastKnownFileType = sourcecode.c.objc; path = BackgroundBLETests.m; sourceTree = "<group>"; };
/* End PBXFileReference section */

/* Begin PBXFrameworksBuildPhase section */
		D3A34D771AD46E76009FFB3A /* Frameworks */ = {
			isa = PBXFrameworksBuildPhase;
			buildActionMask = 2147483647;
			files = (
			);
			runOnlyForDeploymentPostprocessing = 0;
		};
		D3A34D901AD46E76009FFB3A /* Frameworks */ = {
			isa = PBXFrameworksBuildPhase;
			buildActionMask = 2147483647;
			files = (
			);
			runOnlyForDeploymentPostprocessing = 0;
		};
/* End PBXFrameworksBuildPhase section */

/* Begin PBXGroup section */
		D3A34D711AD46E76009FFB3A = {
			isa = PBXGroup;
			children = (
				D3A34D7C1AD46E76009FFB3A /* BackgroundBLE */,
				D3A34D961AD46E76009FFB3A /* BackgroundBLETests */,
				D3A34D7B1AD46E76009FFB3A /* Products */,
			);
			sourceTree = "<group>";
		};
		D3A34D7B1AD46E76009FFB3A /* Products */ = {
			isa = PBXGroup;
			children = (
				D3A34D7A1AD46E76009FFB3A /* BackgroundBLE.app */,
				D3A34D931AD46E76009FFB3A /* BackgroundBLETests.xctest */,
			);
			name = Products;
			sourceTree = "<group>";
		};
		D3A34D7C1AD46E76009FFB3A /* BackgroundBLE */ = {
			isa = PBXGroup;
			children = (
				D3A34D811AD46E76009FFB3A /* AppDelegate.h */,
				D3A34D821AD46E76009FFB3A /* AppDelegate.m */,
				D3A34D841AD46E76009FFB3A /* ViewController.h */,
				D3A34D851AD46E76009FFB3A /* ViewController.m */,
				D3A34D871AD46E76009FFB3A /* Main.storyboard */,
				D3A34D8A1AD46E76009FFB3A /* Images.xcassets */,
				D3A34D8C1AD46E76009FFB3A /* LaunchScreen.xib */,
				D3A34D7D1AD46E76009FFB3A /* Supporting Files */,
			);
			path = BackgroundBLE;
			sourceTree = "<group>";
		};
		D3A34D7D1AD46E76009FFB3A /* Supporting Files */ = {
			isa = PBXGroup;
			children = (
				D3A34D7E1AD46E76009FFB3A /* Info.plist */,
				D3A34D7F1AD46E76009FFB3A /* main.m */,
			);
			name = "Supporting Files";
			sourceTree = "<group>";
		};
		D3A34D961AD46E76009FFB3A /* BackgroundBLETests */ = {
			isa = PBXGroup;
			children = (
				D3A34D991AD46E76009FFB3A /* BackgroundBLETests.m */,
				D3A34D971AD46E76009FFB3A /* Supporting Files */,
			);
			path = BackgroundBLETests;
			sourceTree = "<group>";
		};
		D3A34D971AD46E76009FFB3A /* Supporting Files */ = {
			isa = PBXGroup;
			children = (
				D3A34D981AD46E76009FFB3A /* Info.plist */,
			);
			name = "Supporting Files";
			sourceTree = "<group>";
		};
/* End PBXGroup section */

/* Begin PBXNativeTarget section */
		D3A34D791AD46E76009FFB3A /* BackgroundBLE */ = {
			isa = PBXNativeTarget;
			buildConfigurationList = D3A34D9D1AD46E76009FFB3A /* Build configuration list for PBXNativeTarget "BackgroundBLE" */;
			buildPhases = (
				D3A34D761AD46E76009FFB3A /* Sources */,
				D3A34D771AD46E76009FFB3A /* Frameworks */,
				D3A34D781AD46E76009FFB3A /* Resources */,
			);
			buildRules = (
			);
			dependencies = (
			);
			name = BackgroundBLE;
			productName = BackgroundBLE;
			productReference = D3A34D7A1AD46E76009FFB3A /* BackgroundBLE.app */;
			productType = "com.apple.product-type.application";
		};
		D3A34D921AD46E76009FFB3A /* BackgroundBLETests */ = {
			isa = PBXNativeTarget;
			buildConfigurationList = D3A34DA01AD46E76009FFB3A /* Build configuration list for PBXNativeTarget "BackgroundBLETests" */;
			buildPhases = (
				D3A34D8F1AD46E76009FFB3A /* Sources */,
				D3A34D901AD46E76009FFB3A /* Frameworks */,
				D3A34D911AD46E76009FFB3A /* Resources */,
			);
			buildRules = (
			);
			dependencies = (
				D3A34D951AD46E76009FFB3A /* PBXTargetDependency */,
			);
			name = BackgroundBLETests;
			productName = BackgroundBLETests;
			productReference = D3A34D931AD46E76009FFB3A /* BackgroundBLETests.xctest */;
			productType = "com.apple.product-type.bundle.unit-test";
		};
/* End PBXNativeTarget section */

/* Begin PBXProject section */
		D3A34D721AD46E76009FFB3A /* Project object */ = {
			isa = PBXProject;
			attributes = {
				LastUpgradeCheck = 0620;
				ORGANIZATIONNAME = Softwarenerd;
				TargetAttributes = {
					D3A34D791AD46E76009FFB3A = {
						CreatedOnToolsVersion = 6.2;
					};
					D3A34D921AD46E76009FFB3A = {
						CreatedOnToolsVersion = 6.2;
						TestTargetID = D3A34D791AD46E76009FFB3A;
					};
				};
			};
			buildConfigurationList = D3A34D751AD46E76009FFB3A /* Build configuration list for PBXProject "BackgroundBLE" */;
			compatibilityVersion = "Xcode 3.2";
			developmentRegion = English;
			hasScannedForEncodings = 0;
			knownRegions = (
				en,
				Base,
			);
			mainGroup = D3A34D711AD46E76009FFB3A;
			productRefGroup = D3A34D7B1AD46E76009FFB3A /* Products */;
			projectDirPath = "";
			projectRoot = "";
			targets = (
				D3A34D791AD46E76009FFB3A /* BackgroundBLE */,
				D3A34D921AD46E76009FFB3A /* BackgroundBLETests */,
			);
		};
/* End PBXProject section */

/* Begin PBXResourcesBuildPhase section */
		D3A34D781AD46E76009FFB3A /* Resources */ = {
			isa = PBXResourcesBuildPhase;
			buildActionMask = 2147483647;
			files = (
				D3A34D891AD46E76009FFB3A /* Main.storyboard in Resources */,
				D3A34D8E1AD46E76009FFB3A /* LaunchScreen.xib in Resources */,
				D3A34D8B1AD46E76009FFB3A /* Images.xcassets in Resources */,
			);
			runOnlyForDeploymentPostprocessing = 0;
		};
		D3A34D911AD46E76009FFB3A /* Resources */ = {
			isa = PBXResourcesBuildPhase;
			buildActionMask = 2147483647;
			files = (
			);
			runOnlyForDeploymentPostprocessing = 0;
		};
/* End PBXResourcesBuildPhase section */

/* Begin PBXSourcesBuildPhase section */
		D3A34D761AD46E76009FFB3A /* Sources */ = {
			isa = PBXSourcesBuildPhase;
			buildActionMask = 2147483647;
			files = (
				D3A34D861AD46E76009FFB3A /* ViewController.m in Sources */,
				D3A34D831AD46E76009FFB3A /* AppDelegate.m in Sources */,
				D3A34D801AD46E76009FFB3A /* main.m in Sources */,
			);
			runOnlyForDeploymentPostprocessing = 0;
		};
		D3A34D8F1AD46E76009FFB3A /* Sources */ = {
			isa = PBXSourcesBuildPhase;
			buildActionMask = 2147483647;
			files = (
				D3A34D9A1AD46E76009FFB3A /* BackgroundBLETests.m in Sources */,
			);
			runOnlyForDeploymentPostprocessing = 0;
		};
/* End PBXSourcesBuildPhase section */

/* Begin PBXTargetDependency section */
		D3A34D951AD46E76009FFB3A /* PBXTargetDependency */ = {
			isa = PBXTargetDependency;
			target = D3A34D791AD46E76009FFB3A /* BackgroundBLE */;
			targetProxy = D3A34D941AD46E76009FFB3A /* PBXContainerItemProxy */;
		};
/* End PBXTargetDependency section */

/* Begin PBXVariantGroup section */
		D3A34D871AD46E76009FFB3A /* Main.storyboard */ = {
			isa = PBXVariantGroup;
			children = (
				D3A34D881AD46E76009FFB3A /* Base */,
			);
			name = Main.storyboard;
			sourceTree = "<group>";
		};
		D3A34D8C1AD46E76009FFB3A /* LaunchScreen.xib */ = {
			isa = PBXVariantGroup;
			children = (
				D3A34D8D1AD46E76009FFB3A /* Base */,
			);
			name = LaunchScreen.xib;
			sourceTree = "<group>";
		};
/* End PBXVariantGroup section */

/* Begin XCBuildConfiguration section */
		D3A34D9B1AD46E76009FFB3A /* Debug */ = {
			isa = XCBuildConfiguration;
			buildSettings = {
				ALWAYS_SEARCH_USER_PATHS = NO;
				CLANG_CXX_LANGUAGE_STANDARD = "gnu++0x";
				CLANG_CXX_LIBRARY = "libc++";
				CLANG_ENABLE_MODULES = YES;
				CLANG_ENABLE_OBJC_ARC = YES;
				CLANG_WARN_BOOL_CONVERSION = YES;
				CLANG_WARN_CONSTANT_CONVERSION = YES;
				CLANG_WARN_DIRECT_OBJC_ISA_USAGE = YES_ERROR;
				CLANG_WARN_EMPTY_BODY = YES;
				CLANG_WARN_ENUM_CONVERSION = YES;
				CLANG_WARN_INT_CONVERSION = YES;
				CLANG_WARN_OBJC_ROOT_CLASS = YES_ERROR;
				CLANG_WARN_UNREACHABLE_CODE = YES;
				CLANG_WARN__DUPLICATE_METHOD_MATCH = YES;
				"CODE_SIGN_IDENTITY[sdk=iphoneos*]" = "iPhone Developer";
				COPY_PHASE_STRIP = NO;
				ENABLE_STRICT_OBJC_MSGSEND = YES;
				GCC_C_LANGUAGE_STANDARD = gnu99;
				GCC_DYNAMIC_NO_PIC = NO;
				GCC_OPTIMIZATION_LEVEL = 0;
				GCC_PREPROCESSOR_DEFINITIONS = (
					"DEBUG=1",
					"$(inherited)",
				);
				GCC_SYMBOLS_PRIVATE_EXTERN = NO;
				GCC_WARN_64_TO_32_BIT_CONVERSION = YES;
				GCC_WARN_ABOUT_RETURN_TYPE = YES_ERROR;
				GCC_WARN_UNDECLARED_SELECTOR = YES;
				GCC_WARN_UNINITIALIZED_AUTOS = YES_AGGRESSIVE;
				GCC_WARN_UNUSED_FUNCTION = YES;
				GCC_WARN_UNUSED_VARIABLE = YES;
				IPHONEOS_DEPLOYMENT_TARGET = 8.2;
				MTL_ENABLE_DEBUG_INFO = YES;
				ONLY_ACTIVE_ARCH = YES;
				SDKROOT = iphoneos;
			};
			name = Debug;
		};
		D3A34D9C1AD46E76009FFB3A /* Release */ = {
			isa = XCBuildConfiguration;
			buildSettings = {
				ALWAYS_SEARCH_USER_PATHS = NO;
				CLANG_CXX_LANGUAGE_STANDARD = "gnu++0x";
				CLANG_CXX_LIBRARY = "libc++";
				CLANG_ENABLE_MODULES = YES;
				CLANG_ENABLE_OBJC_ARC = YES;
				CLANG_WARN_BOOL_CONVERSION = YES;
				CLANG_WARN_CONSTANT_CONVERSION = YES;
				CLANG_WARN_DIRECT_OBJC_ISA_USAGE = YES_ERROR;
				CLANG_WARN_EMPTY_BODY = YES;
				CLANG_WARN_ENUM_CONVERSION = YES;
				CLANG_WARN_INT_CONVERSION = YES;
				CLANG_WARN_OBJC_ROOT_CLASS = YES_ERROR;
				CLANG_WARN_UNREACHABLE_CODE = YES;
				CLANG_WARN__DUPLICATE_METHOD_MATCH = YES;
				"CODE_SIGN_IDENTITY[sdk=iphoneos*]" = "iPhone Developer";
				COPY_PHASE_STRIP = NO;
				ENABLE_NS_ASSERTIONS = NO;
				ENABLE_STRICT_OBJC_MSGSEND = YES;
				GCC_C_LANGUAGE_STANDARD = gnu99;
				GCC_WARN_64_TO_32_BIT_CONVERSION = YES;
				GCC_WARN_ABOUT_RETURN_TYPE = YES_ERROR;
				GCC_WARN_UNDECLARED_SELECTOR = YES;
				GCC_WARN_UNINITIALIZED_AUTOS = YES_AGGRESSIVE;
				GCC_WARN_UNUSED_FUNCTION = YES;
				GCC_WARN_UNUSED_VARIABLE = YES;
				IPHONEOS_DEPLOYMENT_TARGET = 8.2;
				MTL_ENABLE_DEBUG_INFO = NO;
				SDKROOT = iphoneos;
				VALIDATE_PRODUCT = YES;
			};
			name = Release;
		};
		D3A34D9E1AD46E76009FFB3A /* Debug */ = {
			isa = XCBuildConfiguration;
			buildSettings = {
				ASSETCATALOG_COMPILER_APPICON_NAME = AppIcon;
				INFOPLIST_FILE = BackgroundBLE/Info.plist;
				LD_RUNPATH_SEARCH_PATHS = "$(inherited) @executable_path/Frameworks";
				PRODUCT_NAME = "$(TARGET_NAME)";
			};
			name = Debug;
		};
		D3A34D9F1AD46E76009FFB3A /* Release */ = {
			isa = XCBuildConfiguration;
			buildSettings = {
				ASSETCATALOG_COMPILER_APPICON_NAME = AppIcon;
				INFOPLIST_FILE = BackgroundBLE/Info.plist;
				LD_RUNPATH_SEARCH_PATHS = "$(inherited) @executable_path/Frameworks";
				PRODUCT_NAME = "$(TARGET_NAME)";
			};
			name = Release;
		};
		D3A34DA11AD46E76009FFB3A /* Debug */ = {
			isa = XCBuildConfiguration;
			buildSettings = {
				BUNDLE_LOADER = "$(TEST_HOST)";
				FRAMEWORK_SEARCH_PATHS = (
					"$(SDKROOT)/Developer/Library/Frameworks",
					"$(inherited)",
				);
				GCC_PREPROCESSOR_DEFINITIONS = (
					"DEBUG=1",
					"$(inherited)",
				);
				INFOPLIST_FILE = BackgroundBLETests/Info.plist;
				LD_RUNPATH_SEARCH_PATHS = "$(inherited) @executable_path/Frameworks @loader_path/Frameworks";
				PRODUCT_NAME = "$(TARGET_NAME)";
				TEST_HOST = "$(BUILT_PRODUCTS_DIR)/BackgroundBLE.app/BackgroundBLE";
			};
			name = Debug;
		};
		D3A34DA21AD46E76009FFB3A /* Release */ = {
			isa = XCBuildConfiguration;
			buildSettings = {
				BUNDLE_LOADER = "$(TEST_HOST)";
				FRAMEWORK_SEARCH_PATHS = (
					"$(SDKROOT)/Developer/Library/Frameworks",
					"$(inherited)",
				);
				INFOPLIST_FILE = BackgroundBLETests/Info.plist;
				LD_RUNPATH_SEARCH_PATHS = "$(inherited) @executable_path/Frameworks @loader_path/Frameworks";
				PRODUCT_NAME = "$(TARGET_NAME)";
				TEST_HOST = "$(BUILT_PRODUCTS_DIR)/BackgroundBLE.app/BackgroundBLE";
			};
			name = Release;
		};
/* End XCBuildConfiguration section */

/* Begin XCConfigurationList section */
		D3A34D751AD46E76009FFB3A /* Build configuration list for PBXProject "BackgroundBLE" */ = {
			isa = XCConfigurationList;
			buildConfigurations = (
				D3A34D9B1AD46E76009FFB3A /* Debug */,
				D3A34D9C1AD46E76009FFB3A /* Release */,
			);
			defaultConfigurationIsVisible = 0;
			defaultConfigurationName = Release;
		};
		D3A34D9D1AD46E76009FFB3A /* Build configuration list for PBXNativeTarget "BackgroundBLE" */ = {
			isa = XCConfigurationList;
			buildConfigurations = (
				D3A34D9E1AD46E76009FFB3A /* Debug */,
				D3A34D9F1AD46E76009FFB3A /* Release */,
			);
			defaultConfigurationIsVisible = 0;
		};
		D3A34DA01AD46E76009FFB3A /* Build configuration list for PBXNativeTarget "BackgroundBLETests" */ = {
			isa = XCConfigurationList;
			buildConfigurations = (
				D3A34DA11AD46E76009FFB3A /* Debug */,
				D3A34DA21AD46E76009FFB3A /* Release */,
			);
			defaultConfigurationIsVisible = 0;
		};
/* End XCConfigurationList section */
	};
	rootObject = D3A34D721AD46E76009FFB3A /* Project object */;
}
